{
  "nodes": {
    "flake-utils": {
      "inputs": {
        "systems": "systems"
      },
      "locked": {
        "lastModified": 1731533236,
        "narHash": "sha256-l0KFg5HjrsfsO/JpG+r7fRrqm12kzFHyUHqHCVpMMbI=",
        "owner": "numtide",
        "repo": "flake-utils",
        "rev": "11707dc2f618dd54ca8739b309ec4fc024de578b",
        "type": "github"
      },
      "original": {
        "owner": "numtide",
        "repo": "flake-utils",
        "type": "github"
      }
    },
    "httplib": {
      "flake": false,
      "locked": {
        "lastModified": 1779683427,
        "narHash": "sha256-Vzr51oo344jFNwmqdtLWxClJpuCTzmnMqXyLCz8UZj4=",
        "owner": "yhirose",
        "repo": "cpp-httplib",
        "rev": "008e107d0fcddee7cb96dc5ad3c3189fd090e40a",
        "type": "github"
      },
      "original": {
        "owner": "yhirose",
        "ref": "v0.46.0",
        "repo": "cpp-httplib",
        "type": "github"
      }
    },
    "nixpkgs": {
      "locked": {
        "lastModified": 1782760764,
        "narHash": "sha256-N66fYdUuZ9hpdM7jsQ7CUWtLJduqGDyTGCaLR62CXaQ=",
        "owner": "NixOS",
        "repo": "nixpkgs",
        "rev": "7a1a64774a5fd0b0cd39ac95d0e170ace8b266a0",
        "type": "github"
      },
      "original": {
        "owner": "NixOS",
        "ref": "nixpkgs-unstable",
        "repo": "nixpkgs",
        "type": "github"
      }
    },
    "openjowelsofts-huenicorn": {
      "flake": false,
      "locked": {
        "lastModified": 1781634108,
        "narHash": "sha256-EF/anwMGhFZRvHA2g2mamAR+EaePQywi/urRVd8JymY=",
        "owner": "openjowelsofts",
        "repo": "huenicorn",
        "rev": "26b7794b28dd5d19f976e0a0910509c509ecc9b3",
        "type": "gitlab"
      },
      "original": {
        "owner": "openjowelsofts",
        "ref": "26b7794b28dd5d19f976e0a0910509c509ecc9b3",
        "repo": "huenicorn",
        "type": "gitlab"
      }
    },
    "root": {
      "inputs": {
        "flake-utils": "flake-utils",
        "httplib": "httplib",
        "nixpkgs": "nixpkgs",
        "openjowelsofts-huenicorn": "openjowelsofts-huenicorn"
      }
    },
    "systems": {
      "locked": {
        "lastModified": 1681028828,
        "narHash": "sha256-Vy1rq5AaRuLzOxct8nz4T6wlgyUR7zLU309k9mBC768=",
        "owner": "nix-systems",
        "repo": "default",
        "rev": "da67096a3b9bf56a91d16901293e51ba5b49a27e",
        "type": "github"
      },
      "original": {
        "owner": "nix-systems",
        "repo": "default",
        "type": "github"
      }
    }
  },
  "root": "root",
  "version": 7
}
